
Microsoft Visual Studio Solution File, Format Version 12.00
# Visual Studio Version 16
VisualStudioVersion = 16.0.32802.440
MinimumVisualStudioVersion = 10.0.40219.1
Project("{FAE04EC0-301F-11D3-BF4B-00C04F79EFBC}") = "Demo_WindowsFormsApp1", "Demo_WindowsFormsApp1\Demo_WindowsFormsApp1.csproj", "{D7A0E977-C298-499F-8A3F-9DBED49765DB}"
EndProject
Global
	GlobalSection(SolutionConfigurationPlatforms) = preSolution
		Debug|Any CPU = Debug|Any CPU
		Release|Any CPU = Release|Any CPU
	EndGlobalSection
	GlobalSection(ProjectConfigurationPlatforms) = postSolution
		{D7A0E977-C298-499F-8A3F-9DBED49765DB}.Debug|Any CPU.ActiveCfg = Debug|Any CPU
		{D7A0E977-C298-499F-8A3F-9DBED49765DB}.Debug|Any CPU.Build.0 = Debug|Any CPU
		{D7A0E977-C298-499F-8A3F-9DBED49765DB}.Release|Any CPU.ActiveCfg = Release|Any CPU
		{D7A0E977-C298-499F-8A3F-9DBED49765DB}.Release|Any CPU.Build.0 = Release|Any CPU
	EndGlobalSection
	GlobalSection(SolutionProperties) = preSolution
		HideSolutionNode = FALSE
	EndGlobalSection
	GlobalSection(ExtensibilityGlobals) = postSolution
		SolutionGuid = {22466BF5-2129-44D4-9E1C-47D9A64AC6F8}
	EndGlobalSection
EndGlobal
